
Microsoft Visual Studio Solution File, Format Version 12.00
# Visual Studio 15
VisualStudioVersion = 15.0.28307.852
MinimumVisualStudioVersion = 10.0.40219.1
Project("{8BC9CEB8-8B4A-11D0-8D11-00A0C91BC942}") = "Bedirhan", "Bedirhan\Bedirhan.vcxproj", "{A92CC277-90A2-4BB4-A2D9-13C18E13C8E9}"
EndProject
Global
	GlobalSection(SolutionConfigurationPlatforms) = preSolution
		Debug|x64 = Debug|x64
		Debug|x86 = Debug|x86
		Release|x64 = Release|x64
		Release|x86 = Release|x86
	EndGlobalSection
	GlobalSection(ProjectConfigurationPlatforms) = postSolution
		{A92CC277-90A2-4BB4-A2D9-13C18E13C8E9}.Debug|x64.ActiveCfg = Debug|x64
		{A92CC277-90A2-4BB4-A2D9-13C18E13C8E9}.Debug|x64.Build.0 = Debug|x64
		{A92CC277-90A2-4BB4-A2D9-13C18E13C8E9}.Debug|x86.ActiveCfg = Debug|Win32
		{A92CC277-90A2-4BB4-A2D9-13C18E13C8E9}.Debug|x86.Build.0 = Debug|Win32
		{A92CC277-90A2-4BB4-A2D9-13C18E13C8E9}.Release|x64.ActiveCfg = Release|x64
		{A92CC277-90A2-4BB4-A2D9-13C18E13C8E9}.Release|x64.Build.0 = Release|x64
		{A92CC277-90A2-4BB4-A2D9-13C18E13C8E9}.Release|x86.ActiveCfg = Release|Win32
		{A92CC277-90A2-4BB4-A2D9-13C18E13C8E9}.Release|x86.Build.0 = Release|Win32
	EndGlobalSection
	GlobalSection(SolutionProperties) = preSolution
		HideSolutionNode = FALSE
	EndGlobalSection
	GlobalSection(ExtensibilityGlobals) = postSolution
		SolutionGuid = {AB8C544C-63F2-482A-8D7B-3581F9CC97E3}
	EndGlobalSection
EndGlobal
